
Microsoft Visual Studio Solution File, Format Version 12.00
# Visual Studio Version 17
VisualStudioVersion = 17.1.32228.430
MinimumVisualStudioVersion = 10.0.40219.1
Project("{FAE04EC0-301F-11D3-BF4B-00C04F79EFBC}") = "Grafos", "Grafos\Grafos.csproj", "{912FE0B9-AE07-4097-8875-127114EF4BD4}"
EndProject
Global
	GlobalSection(SolutionConfigurationPlatforms) = preSolution
		Debug|Any CPU = Debug|Any CPU
		Release|Any CPU = Release|Any CPU
	EndGlobalSection
	GlobalSection(ProjectConfigurationPlatforms) = postSolution
		{912FE0B9-AE07-4097-8875-127114EF4BD4}.Debug|Any CPU.ActiveCfg = Debug|Any CPU
		{912FE0B9-AE07-4097-8875-127114EF4BD4}.Debug|Any CPU.Build.0 = Debug|Any CPU
		{912FE0B9-AE07-4097-8875-127114EF4BD4}.Release|Any CPU.ActiveCfg = Release|Any CPU
		{912FE0B9-AE07-4097-8875-127114EF4BD4}.Release|Any CPU.Build.0 = Release|Any CPU
	EndGlobalSection
	GlobalSection(SolutionProperties) = preSolution
		HideSolutionNode = FALSE
	EndGlobalSection
	GlobalSection(ExtensibilityGlobals) = postSolution
		SolutionGuid = {5CB52CA1-E46F-433D-844F-3CEB50BDFF52}
	EndGlobalSection
EndGlobal
